# THIS IS AN AUTOGENERATED FILE. DO NOT EDIT THIS FILE DIRECTLY.
# yarn lockfile v1


"@emotion/is-prop-valid@^0.7.3":
  version "0.7.3"
  resolved "https://registry.yarnpkg.com/@emotion/is-prop-valid/-/is-prop-valid-0.7.3.tgz#a6bf4fa5387cbba59d44e698a4680f481a8da6cc"
  integrity sha512-uxJqm/sqwXw3YPA5GXX365OBcJGFtxUVkB6WyezqFHlNe9jqUWH5ur2O2M8dGBz61kn1g3ZBlzUunFQXQIClhA==
  dependencies:
    "@emotion/memoize" "0.7.1"

"@emotion/memoize@0.7.1":
  version "0.7.1"
  resolved "https://registry.yarnpkg.com/@emotion/memoize/-/memoize-0.7.1.tgz#e93c13942592cf5ef01aa8297444dc192beee52f"
  integrity sha512-Qv4LTqO11jepd5Qmlp3M1YEjBumoTHcHFdgPTQ+sFlIL5myi/7xu/POwP7IRu6odBdmLXdtIs1D6TuW6kbwbbg==

"@popmotion/easing@^1.0.1":
  version "1.0.1"
  resolved "https://registry.yarnpkg.com/@popmotion/easing/-/easing-1.0.1.tgz#48336aea29542113df10aeb81b4fd10f0b95f937"
  integrity sha512-NbIEz9mZAem0F0sjg2v57LbU9Y2Xc50QEX434jYrwEQzXJuJipyUV48Qz4hjHqbB/8xiUj0JMQfRvP8K9nUbxg==

"@popmotion/popcorn@^0.3.0":
  version "0.3.1"
  resolved "https://registry.yarnpkg.com/@popmotion/popcorn/-/popcorn-0.3.1.tgz#f0f33fbf7ff66f2cd0bf28be24bee0b1d46b65e8"
  integrity sha512-TRhDPxfzM4CrUff2ELyzDj6xSEp5fcmbnrTO0VkmrN/TxJrAzP2H/VfIDRQQy82Yn65Vwn1ohrIi8eZLqzrCMA==
  dependencies:
    "@popmotion/easing" "^1.0.1"
    framesync "^4.0.1"
    hey-listen "^1.0.5"
    style-value-types "^3.0.7"

"@types/invariant@^2.2.29":
  version "2.2.29"
  resolved "https://registry.yarnpkg.com/@types/invariant/-/invariant-2.2.29.tgz#aa845204cd0a289f65d47e0de63a6a815e30cc66"
  integrity sha512-lRVw09gOvgviOfeUrKc/pmTiRZ7g7oDOU6OAutyuSHpm1/o2RaBQvRhgK8QEdu+FFuw/wnWb29A/iuxv9i8OpQ==

"@types/node@^10.0.5":
  version "10.12.27"
  resolved "https://registry.yarnpkg.com/@types/node/-/node-10.12.27.tgz#eb3843f15d0ba0986cc7e4d734d2ee8b50709ef8"
  integrity sha512-e9wgeY6gaY21on3ve0xAjgBVjGDWq/xUteK0ujsE53bUoxycMkqfnkUgMt6ffZtykZ5X12Mg3T7Pw4TRCObDKg==

framesync@^4.0.0, framesync@^4.0.1:
  version "4.0.2"
  resolved "https://registry.yarnpkg.com/framesync/-/framesync-4.0.2.tgz#b03b62852f12b0d80086b60834b089718f03cda5"
  integrity sha512-hQLD5NURHmzB4Symo6JJ5HDw2TWwhr6T3gw9aChNMsZvkxcD8U8Gcz/hllAOOMGE+HO3ScpRPahpXDQRgF19JQ==
  dependencies:
    hey-listen "^1.0.5"

hey-listen@^1.0.4, hey-listen@^1.0.5:
  version "1.0.5"
  resolved "https://registry.yarnpkg.com/hey-listen/-/hey-listen-1.0.5.tgz#6d0a3a2f60177f65bc4404d571a00025bf5dc20e"
  integrity sha512-O2iCNxBBGb4hOxL9tUdnoPwDYmZhQ29t5xKV74BVZNdvwCDXCpVYTJ4yoaibc1V0I8Yw3K3nwmvDpoyjnCqUaw==

"js-tokens@^3.0.0 || ^4.0.0":
  version "4.0.0"
  resolved "https://registry.yarnpkg.com/js-tokens/-/js-tokens-4.0.0.tgz#19203fb59991df98e3a287050d4647cdeaf32499"
  integrity sha512-RdJUflcE3cUzKiMqQgsCu06FPu9UdIJO0beYbPhHN4k6apgJtifcoCtT9bcxOpYBtpD2kCM6Sbzg4CausW/PKQ==

loose-envify@^1.1.0, loose-envify@^1.4.0:
  version "1.4.0"
  resolved "https://registry.yarnpkg.com/loose-envify/-/loose-envify-1.4.0.tgz#71ee51fa7be4caec1a63839f7e682d8132d30caf"
  integrity sha512-lyuxPGr/Wfhrlem2CL/UcnUc1zcqKAImBDzukY7Y5F/yQiNdko6+fRLevlw1HgMySw7f611UIY408EtxRSoK3Q==
  dependencies:
    js-tokens "^3.0.0 || ^4.0.0"

object-assign@^4.1.1:
  version "4.1.1"
  resolved "https://registry.yarnpkg.com/object-assign/-/object-assign-4.1.1.tgz#2109adc7965887cfc05cbbd442cac8bfbb360863"
  integrity sha1-IQmtx5ZYh8/AXLvUQsrIv7s2CGM=

popmotion-pose@^3.4.0:
  version "3.4.6"
  resolved "https://registry.yarnpkg.com/popmotion-pose/-/popmotion-pose-3.4.6.tgz#872ceb776204164a5f6492acd36ca5dc96671b91"
  integrity sha512-ZlRj4dWlJcZvr/84Xh+P+w9lxZVfTU3pJ+u1TkYu+y7Mq4yDXgPlarjgth2qeI4U5VylvTfWSvzwSjEXy8OPxg==
  dependencies:
    "@popmotion/easing" "^1.0.1"
    hey-listen "^1.0.5"
    popmotion "^8.6.2"
    pose-core "^2.1.0"
    style-value-types "^3.0.6"
    ts-essentials "^1.0.3"
    tslib "^1.9.1"

popmotion@^8.6.2:
  version "8.6.3"
  resolved "https://registry.yarnpkg.com/popmotion/-/popmotion-8.6.3.tgz#4fcf47a92e53c4daf80d4973493f8636cc6dd74a"
  integrity sha512-+KbWUBBow6ynoG/N1Ny2aqc6ZDaoBtkeEmpl3LfhmLqOo/WKYMY/HF4t9QmXwv/gJRqkUKmzS6NKDkkAodghAA==
  dependencies:
    "@popmotion/easing" "^1.0.1"
    "@popmotion/popcorn" "^0.3.0"
    framesync "^4.0.0"
    hey-listen "^1.0.5"
    style-value-types "^3.0.6"
    stylefire "^2.3.4"
    tslib "^1.9.1"

pose-core@^2.1.0:
  version "2.1.0"
  resolved "https://registry.yarnpkg.com/pose-core/-/pose-core-2.1.0.tgz#653c85a9a06f924611b909b4a2180ce102bbb258"
  integrity sha512-36mVAnIgbM6jfyRug8EqqFbazHUAk9dxwVRpX61FlVw3amI/j7AFegtVU56N0Dht2aYDJIhgYPUYraT1CzjHDw==
  dependencies:
    "@types/invariant" "^2.2.29"
    "@types/node" "^10.0.5"
    hey-listen "^1.0.5"
    tslib "^1.9.1"

prop-types@^15.6.2:
  version "15.7.2"
  resolved "https://registry.yarnpkg.com/prop-types/-/prop-types-15.7.2.tgz#52c41e75b8c87e72b9d9360e0206b99dcbffa6c5"
  integrity sha512-8QQikdH7//R2vurIJSutZ1smHYTcLpRWEOlHnzcWHmBYrOGUysKwSsrC89BCiFj3CbrfJ/nXFdJepOVrY1GCHQ==
  dependencies:
    loose-envify "^1.4.0"
    object-assign "^4.1.1"
    react-is "^16.8.1"

react-dom@^16.8.3:
  version "16.8.3"
  resolved "https://registry.yarnpkg.com/react-dom/-/react-dom-16.8.3.tgz#ae236029e66210783ac81999d3015dfc475b9c32"
  integrity sha512-ttMem9yJL4/lpItZAQ2NTFAbV7frotHk5DZEHXUOws2rMmrsvh1Na7ThGT0dTzUIl6pqTOi5tYREfL8AEna3lA==
  dependencies:
    loose-envify "^1.1.0"
    object-assign "^4.1.1"
    prop-types "^15.6.2"
    scheduler "^0.13.3"

react-is@^16.8.1:
  version "16.8.3"
  resolved "https://registry.yarnpkg.com/react-is/-/react-is-16.8.3.tgz#4ad8b029c2a718fc0cfc746c8d4e1b7221e5387d"
  integrity sha512-Y4rC1ZJmsxxkkPuMLwvKvlL1Zfpbcu+Bf4ZigkHup3v9EfdYhAlWAaVyA19olXq2o2mGn0w+dFKvk3pVVlYcIA==

react-pose@^4.0.7:
  version "4.0.7"
  resolved "https://registry.yarnpkg.com/react-pose/-/react-pose-4.0.7.tgz#8573b7d1bc3d03d0b758e5fa07d841484ad8d25d"
  integrity sha512-cv6/dMhMYSblyrV181I9Tf050kK5B/x0269PN041Thzut95JIluxLJRoAlwWJT2J0jBjG6ZfpXdqRxAqoEbvTQ==
  dependencies:
    "@emotion/is-prop-valid" "^0.7.3"
    hey-listen "^1.0.5"
    popmotion-pose "^3.4.0"
    tslib "^1.9.1"

react@^16.8.3:
  version "16.8.3"
  resolved "https://registry.yarnpkg.com/react/-/react-16.8.3.tgz#c6f988a2ce895375de216edcfaedd6b9a76451d9"
  integrity sha512-3UoSIsEq8yTJuSu0luO1QQWYbgGEILm+eJl2QN/VLDi7hL+EN18M3q3oVZwmVzzBJ3DkM7RMdRwBmZZ+b4IzSA==
  dependencies:
    loose-envify "^1.1.0"
    object-assign "^4.1.1"
    prop-types "^15.6.2"
    scheduler "^0.13.3"

scheduler@^0.13.3:
  version "0.13.3"
  resolved "https://registry.yarnpkg.com/scheduler/-/scheduler-0.13.3.tgz#bed3c5850f62ea9c716a4d781f9daeb9b2a58896"
  integrity sha512-UxN5QRYWtpR1egNWzJcVLk8jlegxAugswQc984lD3kU7NuobsO37/sRfbpTdBjtnD5TBNFA2Q2oLV5+UmPSmEQ==
  dependencies:
    loose-envify "^1.1.0"
    object-assign "^4.1.1"

style-value-types@^3.0.6, style-value-types@^3.0.7:
  version "3.0.7"
  resolved "https://registry.yarnpkg.com/style-value-types/-/style-value-types-3.0.7.tgz#6e7a22cc8b1a4465193268ed66ad5f2a82579054"
  integrity sha512-7vzeicDiPNnJjvTYfJbQhZ7P3OCkXfvkJOJQ+ifFnXNTA/7KBxMZacHLvlRjM5/TtXbVdrZE6u+2nzSUSPrbSQ==

stylefire@^2.3.4:
  version "2.4.0"
  resolved "https://registry.yarnpkg.com/stylefire/-/stylefire-2.4.0.tgz#1c52b82d951ac9f5046dbb359af7229d10c59007"
  integrity sha512-soSvx0Xc4If/8EGmU/HrE0HHOOzQ+JEEyhj1xJFfOx5PCIy19veoN588e2QGJfOZJYJeAYQx/YzofbzWCAi6DA==
  dependencies:
    framesync "^4.0.0"
    hey-listen "^1.0.4"
    style-value-types "^3.0.6"

ts-essentials@^1.0.3:
  version "1.0.4"
  resolved "https://registry.yarnpkg.com/ts-essentials/-/ts-essentials-1.0.4.tgz#ce3b5dade5f5d97cf69889c11bf7d2da8555b15a"
  integrity sha512-q3N1xS4vZpRouhYHDPwO0bDW3EZ6SK9CrrDHxi/D6BPReSjpVgWIOpLS2o0gSBZm+7q/wyKp6RVM1AeeW7uyfQ==

tslib@^1.9.1:
  version "1.9.3"
  resolved "https://registry.yarnpkg.com/tslib/-/tslib-1.9.3.tgz#d7e4dd79245d85428c4d7e4822a79917954ca286"
  integrity sha512-4krF8scpejhaOgqzBEcGM7yDIEfi0/8+8zDRZhNZZ2kjmHJ4hv3zCbQWxoJGz1iw5U0Jl0nma13xzHXcncMavQ==

typescript@^3.3.3333:
  version "3.3.3333"
  resolved "https://registry.yarnpkg.com/typescript/-/typescript-3.3.3333.tgz#171b2c5af66c59e9431199117a3bcadc66fdcfd6"
  integrity sha512-JjSKsAfuHBE/fB2oZ8NxtRTk5iGcg6hkYXMnZ3Wc+b2RSqejEqTaem11mHASMnFilHrax3sLK0GDzcJrekZYLw==
